
Microsoft Visual Studio Solution File, Format Version 12.00
# Visual Studio 15
VisualStudioVersion = 15.0.27428.2015
MinimumVisualStudioVersion = 10.0.40219.1
Project("{9A19103F-16F7-4668-BE54-9A1E7A4F7556}") = "test", "test\test.csproj", "{C5005A5D-169A-41A2-91E1-54C1BC57EDF1}"
EndProject
Global
	GlobalSection(SolutionConfigurationPlatforms) = preSolution
		Debug|Any CPU = Debug|Any CPU
		Release|Any CPU = Release|Any CPU
	EndGlobalSection
	GlobalSection(ProjectConfigurationPlatforms) = postSolution
		{C5005A5D-169A-41A2-91E1-54C1BC57EDF1}.Debug|Any CPU.ActiveCfg = Debug|Any CPU
		{C5005A5D-169A-41A2-91E1-54C1BC57EDF1}.Debug|Any CPU.Build.0 = Debug|Any CPU
		{C5005A5D-169A-41A2-91E1-54C1BC57EDF1}.Release|Any CPU.ActiveCfg = Release|Any CPU
		{C5005A5D-169A-41A2-91E1-54C1BC57EDF1}.Release|Any CPU.Build.0 = Release|Any CPU
	EndGlobalSection
	GlobalSection(SolutionProperties) = preSolution
		HideSolutionNode = FALSE
	EndGlobalSection
	GlobalSection(ExtensibilityGlobals) = postSolution
		SolutionGuid = {F9CF935E-9BC8-4E4E-9069-E03C1E50F691}
	EndGlobalSection
EndGlobal
